
Microsoft Visual Studio Solution File, Format Version 12.00
# Visual Studio Version 17
VisualStudioVersion = 17.11.35312.102
MinimumVisualStudioVersion = 10.0.40219.1
Project("{FAE04EC0-301F-11D3-BF4B-00C04F79EFBC}") = "Guillermo-Concepcion_Entrega-C-Sharp", "Guillermo-Concepcion_Entrega-C-Sharp\Guillermo-Concepcion_Entrega-C-Sharp.csproj", "{8AA508B7-8CB7-401A-A5EF-59C25B9E547C}"
EndProject
Global
	GlobalSection(SolutionConfigurationPlatforms) = preSolution
		Debug|Any CPU = Debug|Any CPU
		Release|Any CPU = Release|Any CPU
	EndGlobalSection
	GlobalSection(ProjectConfigurationPlatforms) = postSolution
		{8AA508B7-8CB7-401A-A5EF-59C25B9E547C}.Debug|Any CPU.ActiveCfg = Debug|Any CPU
		{8AA508B7-8CB7-401A-A5EF-59C25B9E547C}.Debug|Any CPU.Build.0 = Debug|Any CPU
		{8AA508B7-8CB7-401A-A5EF-59C25B9E547C}.Release|Any CPU.ActiveCfg = Release|Any CPU
		{8AA508B7-8CB7-401A-A5EF-59C25B9E547C}.Release|Any CPU.Build.0 = Release|Any CPU
	EndGlobalSection
	GlobalSection(SolutionProperties) = preSolution
		HideSolutionNode = FALSE
	EndGlobalSection
	GlobalSection(ExtensibilityGlobals) = postSolution
		SolutionGuid = {0A3147C2-41B0-423C-8407-44E397646CA0}
	EndGlobalSection
EndGlobal
